
Microsoft Visual Studio Solution File, Format Version 12.00
# Visual Studio Version 17
VisualStudioVersion = 17.14.36414.22 d17.14
MinimumVisualStudioVersion = 10.0.40219.1
Project("{FAE04EC0-301F-11D3-BF4B-00C04F79EFBC}") = "BTL_DLCN", "BTL_DLCN.csproj", "{FA301D88-0970-4A28-B9F7-30FC1DB454B6}"
EndProject
Global
	GlobalSection(SolutionConfigurationPlatforms) = preSolution
		Debug|Any CPU = Debug|Any CPU
		Release|Any CPU = Release|Any CPU
	EndGlobalSection
	GlobalSection(ProjectConfigurationPlatforms) = postSolution
		{FA301D88-0970-4A28-B9F7-30FC1DB454B6}.Debug|Any CPU.ActiveCfg = Debug|Any CPU
		{FA301D88-0970-4A28-B9F7-30FC1DB454B6}.Debug|Any CPU.Build.0 = Debug|Any CPU
		{FA301D88-0970-4A28-B9F7-30FC1DB454B6}.Release|Any CPU.ActiveCfg = Release|Any CPU
		{FA301D88-0970-4A28-B9F7-30FC1DB454B6}.Release|Any CPU.Build.0 = Release|Any CPU
	EndGlobalSection
	GlobalSection(SolutionProperties) = preSolution
		HideSolutionNode = FALSE
	EndGlobalSection
	GlobalSection(ExtensibilityGlobals) = postSolution
		SolutionGuid = {21464CDB-9399-4CAB-8561-6863DF56E541}
	EndGlobalSection
EndGlobal
